
Microsoft Visual Studio Solution File, Format Version 12.00
# Visual Studio Version 16
VisualStudioVersion = 16.0.29025.244
MinimumVisualStudioVersion = 10.0.40219.1
Project("{FAE04EC0-301F-11D3-BF4B-00C04F79EFBC}") = "CiclosFOR", "CiclosFOR\CiclosFOR.csproj", "{A04A057C-96BB-4EE0-9C0E-62616C1C7A9F}"
EndProject
Global
	GlobalSection(SolutionConfigurationPlatforms) = preSolution
		Debug|Any CPU = Debug|Any CPU
		Release|Any CPU = Release|Any CPU
	EndGlobalSection
	GlobalSection(ProjectConfigurationPlatforms) = postSolution
		{A04A057C-96BB-4EE0-9C0E-62616C1C7A9F}.Debug|Any CPU.ActiveCfg = Debug|Any CPU
		{A04A057C-96BB-4EE0-9C0E-62616C1C7A9F}.Debug|Any CPU.Build.0 = Debug|Any CPU
		{A04A057C-96BB-4EE0-9C0E-62616C1C7A9F}.Release|Any CPU.ActiveCfg = Release|Any CPU
		{A04A057C-96BB-4EE0-9C0E-62616C1C7A9F}.Release|Any CPU.Build.0 = Release|Any CPU
	EndGlobalSection
	GlobalSection(SolutionProperties) = preSolution
		HideSolutionNode = FALSE
	EndGlobalSection
	GlobalSection(ExtensibilityGlobals) = postSolution
		SolutionGuid = {B32D8CE8-C44E-4348-84A0-BDFA8B4BC802}
	EndGlobalSection
EndGlobal
